// !$*UTF8*$!
{
	archiveVersion = 1;
	classes = {
	};
	objectVersion = 52;
	objects = {

/* Begin PBXBuildFile section */
		D87AB11326D2DECC0026A857 /* GNT_ReaderApp.swift in Sources */ = {isa = PBXBuildFile; fileRef = D87AB11226D2DECC0026A857 /* GNT_ReaderApp.swift */; };
		D87AB11726D2DECC0026A857 /* Assets.xcassets in Resources */ = {isa = PBXBuildFile; fileRef = D87AB11626D2DECC0026A857 /* Assets.xcassets */; };
		D87AB11A26D2DECC0026A857 /* Preview Assets.xcassets in Resources */ = {isa = PBXBuildFile; fileRef = D87AB11926D2DECC0026A857 /* Preview Assets.xcassets */; };
		D87AB11C26D2DECC0026A857 /* Persistence.swift in Sources */ = {isa = PBXBuildFile; fileRef = D87AB11B26D2DECC0026A857 /* Persistence.swift */; };
		D87AB11F26D2DECC0026A857 /* GNT_Reader.xcdatamodeld in Sources */ = {isa = PBXBuildFile; fileRef = D87AB11D26D2DECC0026A857 /* GNT_Reader.xcdatamodeld */; };
		D87AB12A26D2DECC0026A857 /* GNT_ReaderTests.swift in Sources */ = {isa = PBXBuildFile; fileRef = D87AB12926D2DECC0026A857 /* GNT_ReaderTests.swift */; };
		D87AB13526D2DECC0026A857 /* GNT_ReaderUITests.swift in Sources */ = {isa = PBXBuildFile; fileRef = D87AB13426D2DECC0026A857 /* GNT_ReaderUITests.swift */; };
		D87AB14626D2DFE40026A857 /* ReaderView.swift in Sources */ = {isa = PBXBuildFile; fileRef = D87AB14526D2DFE40026A857 /* ReaderView.swift */; };
		D87AB14826D2E0390026A857 /* VerseDataSource.swift in Sources */ = {isa = PBXBuildFile; fileRef = D87AB14726D2E0390026A857 /* VerseDataSource.swift */; };
		D87AB14A26D2E06A0026A857 /* VerseRef.swift in Sources */ = {isa = PBXBuildFile; fileRef = D87AB14926D2E06A0026A857 /* VerseRef.swift */; };
		D87AB14C26D2E0AA0026A857 /* Book.swift in Sources */ = {isa = PBXBuildFile; fileRef = D87AB14B26D2E0AA0026A857 /* Book.swift */; };
		D87AB14E26D2E1B00026A857 /* Verse.swift in Sources */ = {isa = PBXBuildFile; fileRef = D87AB14D26D2E1B00026A857 /* Verse.swift */; };
		D87AB15026D2E1BD0026A857 /* Word.swift in Sources */ = {isa = PBXBuildFile; fileRef = D87AB14F26D2E1BD0026A857 /* Word.swift */; };
		D87AB15226D2E1E50026A857 /* WordParsing.swift in Sources */ = {isa = PBXBuildFile; fileRef = D87AB15126D2E1E50026A857 /* WordParsing.swift */; };
		D87AB15526D2F7B70026A857 /* StringExtensions.swift in Sources */ = {isa = PBXBuildFile; fileRef = D87AB15426D2F7B70026A857 /* StringExtensions.swift */; };
		D87AB15726D30D880026A857 /* FakeVerseDataSourceImpl.swift in Sources */ = {isa = PBXBuildFile; fileRef = D87AB15626D30D880026A857 /* FakeVerseDataSourceImpl.swift */; };
		D87AB15A26D312CC0026A857 /* ReaderViewModel.swift in Sources */ = {isa = PBXBuildFile; fileRef = D87AB15926D312CC0026A857 /* ReaderViewModel.swift */; };
		D8D8614728D4EB1300735875 /* SqliteVerseDataSource.swift in Sources */ = {isa = PBXBuildFile; fileRef = D8D8614628D4EB1300735875 /* SqliteVerseDataSource.swift */; };
		D8D8614A28D4EC6000735875 /* SQLite in Frameworks */ = {isa = PBXBuildFile; productRef = D8D8614928D4EC6000735875 /* SQLite */; };
		D8D8614C28D4EE6B00735875 /* gnt-app.db in Resources */ = {isa = PBXBuildFile; fileRef = D8D8614B28D4EE6B00735875 /* gnt-app.db */; };
/* End PBXBuildFile section */

/* Begin PBXContainerItemProxy section */
		D87AB12626D2DECC0026A857 /* PBXContainerItemProxy */ = {
			isa = PBXContainerItemProxy;
			containerPortal = D87AB10726D2DECB0026A857 /* Project object */;
			proxyType = 1;
			remoteGlobalIDString = D87AB10E26D2DECB0026A857;
			remoteInfo = "GNT Reader";
		};
		D87AB13126D2DECC0026A857 /* PBXContainerItemProxy */ = {
			isa = PBXContainerItemProxy;
			containerPortal = D87AB10726D2DECB0026A857 /* Project object */;
			proxyType = 1;
			remoteGlobalIDString = D87AB10E26D2DECB0026A857;
			remoteInfo = "GNT Reader";
		};
/* End PBXContainerItemProxy section */

/* Begin PBXFileReference section */
		D87AB10F26D2DECC0026A857 /* GNT Reader.app */ = {isa = PBXFileReference; explicitFileType = wrapper.application; includeInIndex = 0; path = "GNT Reader.app"; sourceTree = BUILT_PRODUCTS_DIR; };
		D87AB11226D2DECC0026A857 /* GNT_ReaderApp.swift */ = {isa = PBXFileReference; lastKnownFileType = sourcecode.swift; path = GNT_ReaderApp.swift; sourceTree = "<group>"; };
		D87AB11626D2DECC0026A857 /* Assets.xcassets */ = {isa = PBXFileReference; lastKnownFileType = folder.assetcatalog; path = Assets.xcassets; sourceTree = "<group>"; };
		D87AB11926D2DECC0026A857 /* Preview Assets.xcassets */ = {isa = PBXFileReference; lastKnownFileType = folder.assetcatalog; path = "Preview Assets.xcassets"; sourceTree = "<group>"; };
		D87AB11B26D2DECC0026A857 /* Persistence.swift */ = {isa = PBXFileReference; lastKnownFileType = sourcecode.swift; path = Persistence.swift; sourceTree = "<group>"; };
		D87AB11E26D2DECC0026A857 /* GNT_Reader.xcdatamodel */ = {isa = PBXFileReference; lastKnownFileType = wrapper.xcdatamodel; path = GNT_Reader.xcdatamodel; sourceTree = "<group>"; };
		D87AB12026D2DECC0026A857 /* Info.plist */ = {isa = PBXFileReference; lastKnownFileType = text.plist.xml; path = Info.plist; sourceTree = "<group>"; };
		D87AB12526D2DECC0026A857 /* GNT ReaderTests.xctest */ = {isa = PBXFileReference; explicitFileType = wrapper.cfbundle; includeInIndex = 0; path = "GNT ReaderTests.xctest"; sourceTree = BUILT_PRODUCTS_DIR; };
		D87AB12926D2DECC0026A857 /* GNT_ReaderTests.swift */ = {isa = PBXFileReference; lastKnownFileType = sourcecode.swift; path = GNT_ReaderTests.swift; sourceTree = "<group>"; };
		D87AB12B26D2DECC0026A857 /* Info.plist */ = {isa = PBXFileReference; lastKnownFileType = text.plist.xml; path = Info.plist; sourceTree = "<group>"; };
		D87AB13026D2DECC0026A857 /* GNT ReaderUITests.xctest */ = {isa = PBXFileReference; explicitFileType = wrapper.cfbundle; includeInIndex = 0; path = "GNT ReaderUITests.xctest"; sourceTree = BUILT_PRODUCTS_DIR; };
		D87AB13426D2DECC0026A857 /* GNT_ReaderUITests.swift */ = {isa = PBXFileReference; lastKnownFileType = sourcecode.swift; path = GNT_ReaderUITests.swift; sourceTree = "<group>"; };
		D87AB13626D2DECC0026A857 /* Info.plist */ = {isa = PBXFileReference; lastKnownFileType = text.plist.xml; path = Info.plist; sourceTree = "<group>"; };
		D87AB14526D2DFE40026A857 /* ReaderView.swift */ = {isa = PBXFileReference; lastKnownFileType = sourcecode.swift; path = ReaderView.swift; sourceTree = "<group>"; };
		D87AB14726D2E0390026A857 /* VerseDataSource.swift */ = {isa = PBXFileReference; lastKnownFileType = sourcecode.swift; path = VerseDataSource.swift; sourceTree = "<group>"; };
		D87AB14926D2E06A0026A857 /* VerseRef.swift */ = {isa = PBXFileReference; lastKnownFileType = sourcecode.swift; path = VerseRef.swift; sourceTree = "<group>"; };
		D87AB14B26D2E0AA0026A857 /* Book.swift */ = {isa = PBXFileReference; lastKnownFileType = sourcecode.swift; path = Book.swift; sourceTree = "<group>"; };
		D87AB14D26D2E1B00026A857 /* Verse.swift */ = {isa = PBXFileReference; lastKnownFileType = sourcecode.swift; path = Verse.swift; sourceTree = "<group>"; };
		D87AB14F26D2E1BD0026A857 /* Word.swift */ = {isa = PBXFileReference; lastKnownFileType = sourcecode.swift; path = Word.swift; sourceTree = "<group>"; };
		D87AB15126D2E1E50026A857 /* WordParsing.swift */ = {isa = PBXFileReference; lastKnownFileType = sourcecode.swift; path = WordParsing.swift; sourceTree = "<group>"; };
		D87AB15426D2F7B70026A857 /* StringExtensions.swift */ = {isa = PBXFileReference; lastKnownFileType = sourcecode.swift; path = StringExtensions.swift; sourceTree = "<group>"; };
		D87AB15626D30D880026A857 /* FakeVerseDataSourceImpl.swift */ = {isa = PBXFileReference; lastKnownFileType = sourcecode.swift; path = FakeVerseDataSourceImpl.swift; sourceTree = "<group>"; };
		D87AB15926D312CC0026A857 /* ReaderViewModel.swift */ = {isa = PBXFileReference; lastKnownFileType = sourcecode.swift; path = ReaderViewModel.swift; sourceTree = "<group>"; };
		D8D8614628D4EB1300735875 /* SqliteVerseDataSource.swift */ = {isa = PBXFileReference; lastKnownFileType = sourcecode.swift; path = SqliteVerseDataSource.swift; sourceTree = "<group>"; };
		D8D8614B28D4EE6B00735875 /* gnt-app.db */ = {isa = PBXFileReference; lastKnownFileType = file; path = "gnt-app.db"; sourceTree = "<group>"; };
/* End PBXFileReference section */

/* Begin PBXFrameworksBuildPhase section */
		D87AB10C26D2DECB0026A857 /* Frameworks */ = {
			isa = PBXFrameworksBuildPhase;
			buildActionMask = 2147483647;
			files = (
				D8D8614A28D4EC6000735875 /* SQLite in Frameworks */,
			);
			runOnlyForDeploymentPostprocessing = 0;
		};
		D87AB12226D2DECC0026A857 /* Frameworks */ = {
			isa = PBXFrameworksBuildPhase;
			buildActionMask = 2147483647;
			files = (
			);
			runOnlyForDeploymentPostprocessing = 0;
		};
		D87AB12D26D2DECC0026A857 /* Frameworks */ = {
			isa = PBXFrameworksBuildPhase;
			buildActionMask = 2147483647;
			files = (
			);
			runOnlyForDeploymentPostprocessing = 0;
		};
/* End PBXFrameworksBuildPhase section */

/* Begin PBXGroup section */
		D87AB10626D2DECB0026A857 = {
			isa = PBXGroup;
			children = (
				D87AB11126D2DECC0026A857 /* GNT Reader */,
				D87AB12826D2DECC0026A857 /* GNT ReaderTests */,
				D87AB13326D2DECC0026A857 /* GNT ReaderUITests */,
				D87AB11026D2DECC0026A857 /* Products */,
			);
			sourceTree = "<group>";
		};
		D87AB11026D2DECC0026A857 /* Products */ = {
			isa = PBXGroup;
			children = (
				D87AB10F26D2DECC0026A857 /* GNT Reader.app */,
				D87AB12526D2DECC0026A857 /* GNT ReaderTests.xctest */,
				D87AB13026D2DECC0026A857 /* GNT ReaderUITests.xctest */,
			);
			name = Products;
			sourceTree = "<group>";
		};
		D87AB11126D2DECC0026A857 /* GNT Reader */ = {
			isa = PBXGroup;
			children = (
				D87AB15326D2F7AD0026A857 /* Util */,
				D87AB14426D2DF7E0026A857 /* Model */,
				D87AB14326D2DF600026A857 /* Data */,
				D87AB14226D2DF4B0026A857 /* View */,
				D87AB11226D2DECC0026A857 /* GNT_ReaderApp.swift */,
				D87AB11626D2DECC0026A857 /* Assets.xcassets */,
				D87AB11B26D2DECC0026A857 /* Persistence.swift */,
				D87AB12026D2DECC0026A857 /* Info.plist */,
				D87AB11D26D2DECC0026A857 /* GNT_Reader.xcdatamodeld */,
				D87AB11826D2DECC0026A857 /* Preview Content */,
			);
			path = "GNT Reader";
			sourceTree = "<group>";
		};
		D87AB11826D2DECC0026A857 /* Preview Content */ = {
			isa = PBXGroup;
			children = (
				D87AB11926D2DECC0026A857 /* Preview Assets.xcassets */,
			);
			path = "Preview Content";
			sourceTree = "<group>";
		};
		D87AB12826D2DECC0026A857 /* GNT ReaderTests */ = {
			isa = PBXGroup;
			children = (
				D87AB12926D2DECC0026A857 /* GNT_ReaderTests.swift */,
				D87AB12B26D2DECC0026A857 /* Info.plist */,
			);
			path = "GNT ReaderTests";
			sourceTree = "<group>";
		};
		D87AB13326D2DECC0026A857 /* GNT ReaderUITests */ = {
			isa = PBXGroup;
			children = (
				D87AB13426D2DECC0026A857 /* GNT_ReaderUITests.swift */,
				D87AB13626D2DECC0026A857 /* Info.plist */,
			);
			path = "GNT ReaderUITests";
			sourceTree = "<group>";
		};
		D87AB14226D2DF4B0026A857 /* View */ = {
			isa = PBXGroup;
			children = (
				D87AB15826D312B90026A857 /* ReaderView */,
			);
			path = View;
			sourceTree = "<group>";
		};
		D87AB14326D2DF600026A857 /* Data */ = {
			isa = PBXGroup;
			children = (
				D8D8614B28D4EE6B00735875 /* gnt-app.db */,
				D87AB14726D2E0390026A857 /* VerseDataSource.swift */,
				D87AB15626D30D880026A857 /* FakeVerseDataSourceImpl.swift */,
				D8D8614628D4EB1300735875 /* SqliteVerseDataSource.swift */,
			);
			path = Data;
			sourceTree = "<group>";
		};
		D87AB14426D2DF7E0026A857 /* Model */ = {
			isa = PBXGroup;
			children = (
				D87AB14926D2E06A0026A857 /* VerseRef.swift */,
				D87AB14B26D2E0AA0026A857 /* Book.swift */,
				D87AB14D26D2E1B00026A857 /* Verse.swift */,
				D87AB14F26D2E1BD0026A857 /* Word.swift */,
				D87AB15126D2E1E50026A857 /* WordParsing.swift */,
			);
			path = Model;
			sourceTree = "<group>";
		};
		D87AB15326D2F7AD0026A857 /* Util */ = {
			isa = PBXGroup;
			children = (
				D87AB15426D2F7B70026A857 /* StringExtensions.swift */,
			);
			path = Util;
			sourceTree = "<group>";
		};
		D87AB15826D312B90026A857 /* ReaderView */ = {
			isa = PBXGroup;
			children = (
				D87AB14526D2DFE40026A857 /* ReaderView.swift */,
				D87AB15926D312CC0026A857 /* ReaderViewModel.swift */,
			);
			path = ReaderView;
			sourceTree = "<group>";
		};
/* End PBXGroup section */

/* Begin PBXNativeTarget section */
		D87AB10E26D2DECB0026A857 /* GNT Reader */ = {
			isa = PBXNativeTarget;
			buildConfigurationList = D87AB13926D2DECC0026A857 /* Build configuration list for PBXNativeTarget "GNT Reader" */;
			buildPhases = (
				D87AB10B26D2DECB0026A857 /* Sources */,
				D87AB10C26D2DECB0026A857 /* Frameworks */,
				D87AB10D26D2DECB0026A857 /* Resources */,
			);
			buildRules = (
			);
			dependencies = (
			);
			name = "GNT Reader";
			packageProductDependencies = (
				D8D8614928D4EC6000735875 /* SQLite */,
			);
			productName = "GNT Reader";
			productReference = D87AB10F26D2DECC0026A857 /* GNT Reader.app */;
			productType = "com.apple.product-type.application";
		};
		D87AB12426D2DECC0026A857 /* GNT ReaderTests */ = {
			isa = PBXNativeTarget;
			buildConfigurationList = D87AB13C26D2DECC0026A857 /* Build configuration list for PBXNativeTarget "GNT ReaderTests" */;
			buildPhases = (
				D87AB12126D2DECC0026A857 /* Sources */,
				D87AB12226D2DECC0026A857 /* Frameworks */,
				D87AB12326D2DECC0026A857 /* Resources */,
			);
			buildRules = (
			);
			dependencies = (
				D87AB12726D2DECC0026A857 /* PBXTargetDependency */,
			);
			name = "GNT ReaderTests";
			productName = "GNT ReaderTests";
			productReference = D87AB12526D2DECC0026A857 /* GNT ReaderTests.xctest */;
			productType = "com.apple.product-type.bundle.unit-test";
		};
		D87AB12F26D2DECC0026A857 /* GNT ReaderUITests */ = {
			isa = PBXNativeTarget;
			buildConfigurationList = D87AB13F26D2DECC0026A857 /* Build configuration list for PBXNativeTarget "GNT ReaderUITests" */;
			buildPhases = (
				D87AB12C26D2DECC0026A857 /* Sources */,
				D87AB12D26D2DECC0026A857 /* Frameworks */,
				D87AB12E26D2DECC0026A857 /* Resources */,
			);
			buildRules = (
			);
			dependencies = (
				D87AB13226D2DECC0026A857 /* PBXTargetDependency */,
			);
			name = "GNT ReaderUITests";
			productName = "GNT ReaderUITests";
			productReference = D87AB13026D2DECC0026A857 /* GNT ReaderUITests.xctest */;
			productType = "com.apple.product-type.bundle.ui-testing";
		};
/* End PBXNativeTarget section */

/* Begin PBXProject section */
		D87AB10726D2DECB0026A857 /* Project object */ = {
			isa = PBXProject;
			attributes = {
				LastSwiftUpdateCheck = 1250;
				LastUpgradeCheck = 1250;
				TargetAttributes = {
					D87AB10E26D2DECB0026A857 = {
						CreatedOnToolsVersion = 12.5.1;
					};
					D87AB12426D2DECC0026A857 = {
						CreatedOnToolsVersion = 12.5.1;
						TestTargetID = D87AB10E26D2DECB0026A857;
					};
					D87AB12F26D2DECC0026A857 = {
						CreatedOnToolsVersion = 12.5.1;
						TestTargetID = D87AB10E26D2DECB0026A857;
					};
				};
			};
			buildConfigurationList = D87AB10A26D2DECB0026A857 /* Build configuration list for PBXProject "GNT Reader" */;
			compatibilityVersion = "Xcode 9.3";
			developmentRegion = en;
			hasScannedForEncodings = 0;
			knownRegions = (
				en,
				Base,
			);
			mainGroup = D87AB10626D2DECB0026A857;
			packageReferences = (
				D8D8614828D4EC6000735875 /* XCRemoteSwiftPackageReference "SQLite" */,
			);
			productRefGroup = D87AB11026D2DECC0026A857 /* Products */;
			projectDirPath = "";
			projectRoot = "";
			targets = (
				D87AB10E26D2DECB0026A857 /* GNT Reader */,
				D87AB12426D2DECC0026A857 /* GNT ReaderTests */,
				D87AB12F26D2DECC0026A857 /* GNT ReaderUITests */,
			);
		};
/* End PBXProject section */

/* Begin PBXResourcesBuildPhase section */
		D87AB10D26D2DECB0026A857 /* Resources */ = {
			isa = PBXResourcesBuildPhase;
			buildActionMask = 2147483647;
			files = (
				D87AB11A26D2DECC0026A857 /* Preview Assets.xcassets in Resources */,
				D87AB11726D2DECC0026A857 /* Assets.xcassets in Resources */,
				D8D8614C28D4EE6B00735875 /* gnt-app.db in Resources */,
			);
			runOnlyForDeploymentPostprocessing = 0;
		};
		D87AB12326D2DECC0026A857 /* Resources */ = {
			isa = PBXResourcesBuildPhase;
			buildActionMask = 2147483647;
			files = (
			);
			runOnlyForDeploymentPostprocessing = 0;
		};
		D87AB12E26D2DECC0026A857 /* Resources */ = {
			isa = PBXResourcesBuildPhase;
			buildActionMask = 2147483647;
			files = (
			);
			runOnlyForDeploymentPostprocessing = 0;
		};
/* End PBXResourcesBuildPhase section */

/* Begin PBXSourcesBuildPhase section */
		D87AB10B26D2DECB0026A857 /* Sources */ = {
			isa = PBXSourcesBuildPhase;
			buildActionMask = 2147483647;
			files = (
				D87AB15526D2F7B70026A857 /* StringExtensions.swift in Sources */,
				D87AB14C26D2E0AA0026A857 /* Book.swift in Sources */,
				D87AB14826D2E0390026A857 /* VerseDataSource.swift in Sources */,
				D87AB15A26D312CC0026A857 /* ReaderViewModel.swift in Sources */,
				D87AB11C26D2DECC0026A857 /* Persistence.swift in Sources */,
				D87AB14E26D2E1B00026A857 /* Verse.swift in Sources */,
				D87AB15726D30D880026A857 /* FakeVerseDataSourceImpl.swift in Sources */,
				D87AB14626D2DFE40026A857 /* ReaderView.swift in Sources */,
				D87AB14A26D2E06A0026A857 /* VerseRef.swift in Sources */,
				D87AB15026D2E1BD0026A857 /* Word.swift in Sources */,
				D8D8614728D4EB1300735875 /* SqliteVerseDataSource.swift in Sources */,
				D87AB15226D2E1E50026A857 /* WordParsing.swift in Sources */,
				D87AB11F26D2DECC0026A857 /* GNT_Reader.xcdatamodeld in Sources */,
				D87AB11326D2DECC0026A857 /* GNT_ReaderApp.swift in Sources */,
			);
			runOnlyForDeploymentPostprocessing = 0;
		};
		D87AB12126D2DECC0026A857 /* Sources */ = {
			isa = PBXSourcesBuildPhase;
			buildActionMask = 2147483647;
			files = (
				D87AB12A26D2DECC0026A857 /* GNT_ReaderTests.swift in Sources */,
			);
			runOnlyForDeploymentPostprocessing = 0;
		};
		D87AB12C26D2DECC0026A857 /* Sources */ = {
			isa = PBXSourcesBuildPhase;
			buildActionMask = 2147483647;
			files = (
				D87AB13526D2DECC0026A857 /* GNT_ReaderUITests.swift in Sources */,
			);
			runOnlyForDeploymentPostprocessing = 0;
		};
/* End PBXSourcesBuildPhase section */

/* Begin PBXTargetDependency section */
		D87AB12726D2DECC0026A857 /* PBXTargetDependency */ = {
			isa = PBXTargetDependency;
			target = D87AB10E26D2DECB0026A857 /* GNT Reader */;
			targetProxy = D87AB12626D2DECC0026A857 /* PBXContainerItemProxy */;
		};
		D87AB13226D2DECC0026A857 /* PBXTargetDependency */ = {
			isa = PBXTargetDependency;
			target = D87AB10E26D2DECB0026A857 /* GNT Reader */;
			targetProxy = D87AB13126D2DECC0026A857 /* PBXContainerItemProxy */;
		};
/* End PBXTargetDependency section */

/* Begin XCBuildConfiguration section */
		D87AB13726D2DECC0026A857 /* Debug */ = {
			isa = XCBuildConfiguration;
			buildSettings = {
				ALWAYS_SEARCH_USER_PATHS = NO;
				CLANG_ANALYZER_NONNULL = YES;
				CLANG_ANALYZER_NUMBER_OBJECT_CONVERSION = YES_AGGRESSIVE;
				CLANG_CXX_LANGUAGE_STANDARD = "gnu++14";
				CLANG_CXX_LIBRARY = "libc++";
				CLANG_ENABLE_MODULES = YES;
				CLANG_ENABLE_OBJC_ARC = YES;
				CLANG_ENABLE_OBJC_WEAK = YES;
				CLANG_WARN_BLOCK_CAPTURE_AUTORELEASING = YES;
				CLANG_WARN_BOOL_CONVERSION = YES;
				CLANG_WARN_COMMA = YES;
				CLANG_WARN_CONSTANT_CONVERSION = YES;
				CLANG_WARN_DEPRECATED_OBJC_IMPLEMENTATIONS = YES;
				CLANG_WARN_DIRECT_OBJC_ISA_USAGE = YES_ERROR;
				CLANG_WARN_DOCUMENTATION_COMMENTS = YES;
				CLANG_WARN_EMPTY_BODY = YES;
				CLANG_WARN_ENUM_CONVERSION = YES;
				CLANG_WARN_INFINITE_RECURSION = YES;
				CLANG_WARN_INT_CONVERSION = YES;
				CLANG_WARN_NON_LITERAL_NULL_CONVERSION = YES;
				CLANG_WARN_OBJC_IMPLICIT_RETAIN_SELF = YES;
				CLANG_WARN_OBJC_LITERAL_CONVERSION = YES;
				CLANG_WARN_OBJC_ROOT_CLASS = YES_ERROR;
				CLANG_WARN_QUOTED_INCLUDE_IN_FRAMEWORK_HEADER = YES;
				CLANG_WARN_RANGE_LOOP_ANALYSIS = YES;
				CLANG_WARN_STRICT_PROTOTYPES = YES;
				CLANG_WARN_SUSPICIOUS_MOVE = YES;
				CLANG_WARN_UNGUARDED_AVAILABILITY = YES_AGGRESSIVE;
				CLANG_WARN_UNREACHABLE_CODE = YES;
				CLANG_WARN__DUPLICATE_METHOD_MATCH = YES;
				COPY_PHASE_STRIP = NO;
				DEBUG_INFORMATION_FORMAT = dwarf;
				ENABLE_STRICT_OBJC_MSGSEND = YES;
				ENABLE_TESTABILITY = YES;
				GCC_C_LANGUAGE_STANDARD = gnu11;
				GCC_DYNAMIC_NO_PIC = NO;
				GCC_NO_COMMON_BLOCKS = YES;
				GCC_OPTIMIZATION_LEVEL = 0;
				GCC_PREPROCESSOR_DEFINITIONS = (
					"DEBUG=1",
					"$(inherited)",
				);
				GCC_WARN_64_TO_32_BIT_CONVERSION = YES;
				GCC_WARN_ABOUT_RETURN_TYPE = YES_ERROR;
				GCC_WARN_UNDECLARED_SELECTOR = YES;
				GCC_WARN_UNINITIALIZED_AUTOS = YES_AGGRESSIVE;
				GCC_WARN_UNUSED_FUNCTION = YES;
				GCC_WARN_UNUSED_VARIABLE = YES;
				IPHONEOS_DEPLOYMENT_TARGET = 14.5;
				MTL_ENABLE_DEBUG_INFO = INCLUDE_SOURCE;
				MTL_FAST_MATH = YES;
				ONLY_ACTIVE_ARCH = YES;
				SDKROOT = iphoneos;
				SWIFT_ACTIVE_COMPILATION_CONDITIONS = DEBUG;
				SWIFT_OPTIMIZATION_LEVEL = "-Onone";
			};
			name = Debug;
		};
		D87AB13826D2DECC0026A857 /* Release */ = {
			isa = XCBuildConfiguration;
			buildSettings = {
				ALWAYS_SEARCH_USER_PATHS = NO;
				CLANG_ANALYZER_NONNULL = YES;
				CLANG_ANALYZER_NUMBER_OBJECT_CONVERSION = YES_AGGRESSIVE;
				CLANG_CXX_LANGUAGE_STANDARD = "gnu++14";
				CLANG_CXX_LIBRARY = "libc++";
				CLANG_ENABLE_MODULES = YES;
				CLANG_ENABLE_OBJC_ARC = YES;
				CLANG_ENABLE_OBJC_WEAK = YES;
				CLANG_WARN_BLOCK_CAPTURE_AUTORELEASING = YES;
				CLANG_WARN_BOOL_CONVERSION = YES;
				CLANG_WARN_COMMA = YES;
				CLANG_WARN_CONSTANT_CONVERSION = YES;
				CLANG_WARN_DEPRECATED_OBJC_IMPLEMENTATIONS = YES;
				CLANG_WARN_DIRECT_OBJC_ISA_USAGE = YES_ERROR;
				CLANG_WARN_DOCUMENTATION_COMMENTS = YES;
				CLANG_WARN_EMPTY_BODY = YES;
				CLANG_WARN_ENUM_CONVERSION = YES;
				CLANG_WARN_INFINITE_RECURSION = YES;
				CLANG_WARN_INT_CONVERSION = YES;
				CLANG_WARN_NON_LITERAL_NULL_CONVERSION = YES;
				CLANG_WARN_OBJC_IMPLICIT_RETAIN_SELF = YES;
				CLANG_WARN_OBJC_LITERAL_CONVERSION = YES;
				CLANG_WARN_OBJC_ROOT_CLASS = YES_ERROR;
				CLANG_WARN_QUOTED_INCLUDE_IN_FRAMEWORK_HEADER = YES;
				CLANG_WARN_RANGE_LOOP_ANALYSIS = YES;
				CLANG_WARN_STRICT_PROTOTYPES = YES;
				CLANG_WARN_SUSPICIOUS_MOVE = YES;
				CLANG_WARN_UNGUARDED_AVAILABILITY = YES_AGGRESSIVE;
				CLANG_WARN_UNREACHABLE_CODE = YES;
				CLANG_WARN__DUPLICATE_METHOD_MATCH = YES;
				COPY_PHASE_STRIP = NO;
				DEBUG_INFORMATION_FORMAT = "dwarf-with-dsym";
				ENABLE_NS_ASSERTIONS = NO;
				ENABLE_STRICT_OBJC_MSGSEND = YES;
				GCC_C_LANGUAGE_STANDARD = gnu11;
				GCC_NO_COMMON_BLOCKS = YES;
				GCC_WARN_64_TO_32_BIT_CONVERSION = YES;
				GCC_WARN_ABOUT_RETURN_TYPE = YES_ERROR;
				GCC_WARN_UNDECLARED_SELECTOR = YES;
				GCC_WARN_UNINITIALIZED_AUTOS = YES_AGGRESSIVE;
				GCC_WARN_UNUSED_FUNCTION = YES;
				GCC_WARN_UNUSED_VARIABLE = YES;
				IPHONEOS_DEPLOYMENT_TARGET = 14.5;
				MTL_ENABLE_DEBUG_INFO = NO;
				MTL_FAST_MATH = YES;
				SDKROOT = iphoneos;
				SWIFT_COMPILATION_MODE = wholemodule;
				SWIFT_OPTIMIZATION_LEVEL = "-O";
				VALIDATE_PRODUCT = YES;
			};
			name = Release;
		};
		D87AB13A26D2DECC0026A857 /* Debug */ = {
			isa = XCBuildConfiguration;
			buildSettings = {
				ASSETCATALOG_COMPILER_APPICON_NAME = AppIcon;
				ASSETCATALOG_COMPILER_GLOBAL_ACCENT_COLOR_NAME = AccentColor;
				CODE_SIGN_STYLE = Automatic;
				DEVELOPMENT_ASSET_PATHS = "\"GNT Reader/Preview Content\"";
				DEVELOPMENT_TEAM = YUCN7Q2M34;
				ENABLE_PREVIEWS = YES;
				INFOPLIST_FILE = "GNT Reader/Info.plist";
				IPHONEOS_DEPLOYMENT_TARGET = 15.0;
				LD_RUNPATH_SEARCH_PATHS = (
					"$(inherited)",
					"@executable_path/Frameworks",
				);
				PRODUCT_BUNDLE_IDENTIFIER = "com.mattrobertson.GNT-Reader";
				PRODUCT_NAME = "$(TARGET_NAME)";
				SWIFT_VERSION = 5.0;
				TARGETED_DEVICE_FAMILY = "1,2";
			};
			name = Debug;
		};
		D87AB13B26D2DECC0026A857 /* Release */ = {
			isa = XCBuildConfiguration;
			buildSettings = {
				ASSETCATALOG_COMPILER_APPICON_NAME = AppIcon;
				ASSETCATALOG_COMPILER_GLOBAL_ACCENT_COLOR_NAME = AccentColor;
				CODE_SIGN_STYLE = Automatic;
				DEVELOPMENT_ASSET_PATHS = "\"GNT Reader/Preview Content\"";
				DEVELOPMENT_TEAM = YUCN7Q2M34;
				ENABLE_PREVIEWS = YES;
				INFOPLIST_FILE = "GNT Reader/Info.plist";
				IPHONEOS_DEPLOYMENT_TARGET = 15.0;
				LD_RUNPATH_SEARCH_PATHS = (
					"$(inherited)",
					"@executable_path/Frameworks",
				);
				PRODUCT_BUNDLE_IDENTIFIER = "com.mattrobertson.GNT-Reader";
				PRODUCT_NAME = "$(TARGET_NAME)";
				SWIFT_VERSION = 5.0;
				TARGETED_DEVICE_FAMILY = "1,2";
			};
			name = Release;
		};
		D87AB13D26D2DECC0026A857 /* Debug */ = {
			isa = XCBuildConfiguration;
			buildSettings = {
				ALWAYS_EMBED_SWIFT_STANDARD_LIBRARIES = YES;
				BUNDLE_LOADER = "$(TEST_HOST)";
				CODE_SIGN_STYLE = Automatic;
				DEVELOPMENT_TEAM = YUCN7Q2M34;
				INFOPLIST_FILE = "GNT ReaderTests/Info.plist";
				IPHONEOS_DEPLOYMENT_TARGET = 14.0;
				LD_RUNPATH_SEARCH_PATHS = (
					"$(inherited)",
					"@executable_path/Frameworks",
					"@loader_path/Frameworks",
				);
				PRODUCT_BUNDLE_IDENTIFIER = "com.mattrobertson.GNT-ReaderTests";
				PRODUCT_NAME = "$(TARGET_NAME)";
				SWIFT_VERSION = 5.0;
				TARGETED_DEVICE_FAMILY = "1,2";
				TEST_HOST = "$(BUILT_PRODUCTS_DIR)/GNT Reader.app/GNT Reader";
			};
			name = Debug;
		};
		D87AB13E26D2DECC0026A857 /* Release */ = {
			isa = XCBuildConfiguration;
			buildSettings = {
				ALWAYS_EMBED_SWIFT_STANDARD_LIBRARIES = YES;
				BUNDLE_LOADER = "$(TEST_HOST)";
				CODE_SIGN_STYLE = Automatic;
				DEVELOPMENT_TEAM = YUCN7Q2M34;
				INFOPLIST_FILE = "GNT ReaderTests/Info.plist";
				IPHONEOS_DEPLOYMENT_TARGET = 14.0;
				LD_RUNPATH_SEARCH_PATHS = (
					"$(inherited)",
					"@executable_path/Frameworks",
					"@loader_path/Frameworks",
				);
				PRODUCT_BUNDLE_IDENTIFIER = "com.mattrobertson.GNT-ReaderTests";
				PRODUCT_NAME = "$(TARGET_NAME)";
				SWIFT_VERSION = 5.0;
				TARGETED_DEVICE_FAMILY = "1,2";
				TEST_HOST = "$(BUILT_PRODUCTS_DIR)/GNT Reader.app/GNT Reader";
			};
			name = Release;
		};
		D87AB14026D2DECC0026A857 /* Debug */ = {
			isa = XCBuildConfiguration;
			buildSettings = {
				ALWAYS_EMBED_SWIFT_STANDARD_LIBRARIES = YES;
				CODE_SIGN_STYLE = Automatic;
				DEVELOPMENT_TEAM = YUCN7Q2M34;
				INFOPLIST_FILE = "GNT ReaderUITests/Info.plist";
				LD_RUNPATH_SEARCH_PATHS = (
					"$(inherited)",
					"@executable_path/Frameworks",
					"@loader_path/Frameworks",
				);
				PRODUCT_BUNDLE_IDENTIFIER = "com.mattrobertson.GNT-ReaderUITests";
				PRODUCT_NAME = "$(TARGET_NAME)";
				SWIFT_VERSION = 5.0;
				TARGETED_DEVICE_FAMILY = "1,2";
				TEST_TARGET_NAME = "GNT Reader";
			};
			name = Debug;
		};
		D87AB14126D2DECC0026A857 /* Release */ = {
			isa = XCBuildConfiguration;
			buildSettings = {
				ALWAYS_EMBED_SWIFT_STANDARD_LIBRARIES = YES;
				CODE_SIGN_STYLE = Automatic;
				DEVELOPMENT_TEAM = YUCN7Q2M34;
				INFOPLIST_FILE = "GNT ReaderUITests/Info.plist";
				LD_RUNPATH_SEARCH_PATHS = (
					"$(inherited)",
					"@executable_path/Frameworks",
					"@loader_path/Frameworks",
				);
				PRODUCT_BUNDLE_IDENTIFIER = "com.mattrobertson.GNT-ReaderUITests";
				PRODUCT_NAME = "$(TARGET_NAME)";
				SWIFT_VERSION = 5.0;
				TARGETED_DEVICE_FAMILY = "1,2";
				TEST_TARGET_NAME = "GNT Reader";
			};
			name = Release;
		};
/* End XCBuildConfiguration section */

/* Begin XCConfigurationList section */
		D87AB10A26D2DECB0026A857 /* Build configuration list for PBXProject "GNT Reader" */ = {
			isa = XCConfigurationList;
			buildConfigurations = (
				D87AB13726D2DECC0026A857 /* Debug */,
				D87AB13826D2DECC0026A857 /* Release */,
			);
			defaultConfigurationIsVisible = 0;
			defaultConfigurationName = Release;
		};
		D87AB13926D2DECC0026A857 /* Build configuration list for PBXNativeTarget "GNT Reader" */ = {
			isa = XCConfigurationList;
			buildConfigurations = (
				D87AB13A26D2DECC0026A857 /* Debug */,
				D87AB13B26D2DECC0026A857 /* Release */,
			);
			defaultConfigurationIsVisible = 0;
			defaultConfigurationName = Release;
		};
		D87AB13C26D2DECC0026A857 /* Build configuration list for PBXNativeTarget "GNT ReaderTests" */ = {
			isa = XCConfigurationList;
			buildConfigurations = (
				D87AB13D26D2DECC0026A857 /* Debug */,
				D87AB13E26D2DECC0026A857 /* Release */,
			);
			defaultConfigurationIsVisible = 0;
			defaultConfigurationName = Release;
		};
		D87AB13F26D2DECC0026A857 /* Build configuration list for PBXNativeTarget "GNT ReaderUITests" */ = {
			isa = XCConfigurationList;
			buildConfigurations = (
				D87AB14026D2DECC0026A857 /* Debug */,
				D87AB14126D2DECC0026A857 /* Release */,
			);
			defaultConfigurationIsVisible = 0;
			defaultConfigurationName = Release;
		};
/* End XCConfigurationList section */

/* Begin XCRemoteSwiftPackageReference section */
		D8D8614828D4EC6000735875 /* XCRemoteSwiftPackageReference "SQLite" */ = {
			isa = XCRemoteSwiftPackageReference;
			repositoryURL = "https://github.com/stephencelis/SQLite.swift";
			requirement = {
				kind = upToNextMajorVersion;
				minimumVersion = 0.9.2;
			};
		};
/* End XCRemoteSwiftPackageReference section */

/* Begin XCSwiftPackageProductDependency section */
		D8D8614928D4EC6000735875 /* SQLite */ = {
			isa = XCSwiftPackageProductDependency;
			package = D8D8614828D4EC6000735875 /* XCRemoteSwiftPackageReference "SQLite" */;
			productName = SQLite;
		};
/* End XCSwiftPackageProductDependency section */

/* Begin XCVersionGroup section */
		D87AB11D26D2DECC0026A857 /* GNT_Reader.xcdatamodeld */ = {
			isa = XCVersionGroup;
			children = (
				D87AB11E26D2DECC0026A857 /* GNT_Reader.xcdatamodel */,
			);
			currentVersion = D87AB11E26D2DECC0026A857 /* GNT_Reader.xcdatamodel */;
			path = GNT_Reader.xcdatamodeld;
			sourceTree = "<group>";
			versionGroupType = wrapper.xcdatamodel;
		};
/* End XCVersionGroup section */
	};
	rootObject = D87AB10726D2DECB0026A857 /* Project object */;
}
